
Microsoft Visual Studio Solution File, Format Version 12.00
# Visual Studio Version 17
VisualStudioVersion = 17.0.32112.339
MinimumVisualStudioVersion = 10.0.40219.1
Project("{9A19103F-16F7-4668-BE54-9A1E7A4F7556}") = "simplepolicy", "simplepolicy.csproj", "{B2E044C0-D7D4-4A5F-8383-2372870C2BF9}"
EndProject
Project("{2150E333-8FDC-42A3-9474-1A3956D46DE8}") = "Solution Items", "Solution Items", "{8B0D4722-AF74-4D62-9E74-94C6347EB14A}"
	ProjectSection(SolutionItems) = preProject
		.editorconfig = .editorconfig
	EndProjectSection
EndProject
Global
	GlobalSection(SolutionConfigurationPlatforms) = preSolution
		Debug|Any CPU = Debug|Any CPU
		Release|Any CPU = Release|Any CPU
	EndGlobalSection
	GlobalSection(ProjectConfigurationPlatforms) = postSolution
		{B2E044C0-D7D4-4A5F-8383-2372870C2BF9}.Debug|Any CPU.ActiveCfg = Debug|Any CPU
		{B2E044C0-D7D4-4A5F-8383-2372870C2BF9}.Debug|Any CPU.Build.0 = Debug|Any CPU
		{B2E044C0-D7D4-4A5F-8383-2372870C2BF9}.Release|Any CPU.ActiveCfg = Release|Any CPU
		{B2E044C0-D7D4-4A5F-8383-2372870C2BF9}.Release|Any CPU.Build.0 = Release|Any CPU
	EndGlobalSection
	GlobalSection(SolutionProperties) = preSolution
		HideSolutionNode = FALSE
	EndGlobalSection
	GlobalSection(ExtensibilityGlobals) = postSolution
		SolutionGuid = {3F4108AC-646A-42E0-AAB8-655EA91850FB}
	EndGlobalSection
EndGlobal
